// !$*UTF8*$!
{
	archiveVersion = 1;
	classes = {
	};
	objectVersion = 56;
	objects = {

/* Begin PBXBuildFile section */
		24A0761428A253CA5EBA0FE5 /* Pods_Quizzler.framework in Frameworks */ = {isa = PBXBuildFile; fileRef = 7DF289C43C5FB9A1576FE0CC /* Pods_Quizzler.framework */; };
		63D34146507D6C346F6040C2 /* Pods_Quizzler_QuizzlerUITests.framework in Frameworks */ = {isa = PBXBuildFile; fileRef = EAE6C94EBFBBDDA3A283F818 /* Pods_Quizzler_QuizzlerUITests.framework */; };
		A59E13FC2982619200F1B317 /* AppDelegate.swift in Sources */ = {isa = PBXBuildFile; fileRef = A59E13FB2982619200F1B317 /* AppDelegate.swift */; };
		A59E13FE2982619200F1B317 /* SceneDelegate.swift in Sources */ = {isa = PBXBuildFile; fileRef = A59E13FD2982619200F1B317 /* SceneDelegate.swift */; };
		A59E14002982619200F1B317 /* ViewController.swift in Sources */ = {isa = PBXBuildFile; fileRef = A59E13FF2982619200F1B317 /* ViewController.swift */; };
		A59E14032982619200F1B317 /* Main.storyboard in Resources */ = {isa = PBXBuildFile; fileRef = A59E14012982619200F1B317 /* Main.storyboard */; };
		A59E14052982619300F1B317 /* Assets.xcassets in Resources */ = {isa = PBXBuildFile; fileRef = A59E14042982619300F1B317 /* Assets.xcassets */; };
		A59E14082982619300F1B317 /* LaunchScreen.storyboard in Resources */ = {isa = PBXBuildFile; fileRef = A59E14062982619300F1B317 /* LaunchScreen.storyboard */; };
		A59E14132982619300F1B317 /* QuizzlerTests.swift in Sources */ = {isa = PBXBuildFile; fileRef = A59E14122982619300F1B317 /* QuizzlerTests.swift */; };
		A59E141D2982619300F1B317 /* QuizzlerUITests.swift in Sources */ = {isa = PBXBuildFile; fileRef = A59E141C2982619300F1B317 /* QuizzlerUITests.swift */; };
		A59E141F2982619300F1B317 /* QuizzlerUITestsLaunchTests.swift in Sources */ = {isa = PBXBuildFile; fileRef = A59E141E2982619300F1B317 /* QuizzlerUITestsLaunchTests.swift */; };
		A59E142D2982693000F1B317 /* LabelProperty.swift in Sources */ = {isa = PBXBuildFile; fileRef = A59E142C2982693000F1B317 /* LabelProperty.swift */; };
		A59E142F2982778B00F1B317 /* ButtonProperty.swift in Sources */ = {isa = PBXBuildFile; fileRef = A59E142E2982778B00F1B317 /* ButtonProperty.swift */; };
		A59E143129827D6100F1B317 /* ImageViewProperty.swift in Sources */ = {isa = PBXBuildFile; fileRef = A59E143029827D6100F1B317 /* ImageViewProperty.swift */; };
		A59E14332987A6F800F1B317 /* Question.swift in Sources */ = {isa = PBXBuildFile; fileRef = A59E14322987A6F800F1B317 /* Question.swift */; };
		B2CBF752A562BAB87A2A7109 /* Pods_QuizzlerTests.framework in Frameworks */ = {isa = PBXBuildFile; fileRef = 168737F14666432A541E60A8 /* Pods_QuizzlerTests.framework */; };
/* End PBXBuildFile section */

/* Begin PBXContainerItemProxy section */
		A59E140F2982619300F1B317 /* PBXContainerItemProxy */ = {
			isa = PBXContainerItemProxy;
			containerPortal = A59E13F02982619200F1B317 /* Project object */;
			proxyType = 1;
			remoteGlobalIDString = A59E13F72982619200F1B317;
			remoteInfo = Quizzler;
		};
		A59E14192982619300F1B317 /* PBXContainerItemProxy */ = {
			isa = PBXContainerItemProxy;
			containerPortal = A59E13F02982619200F1B317 /* Project object */;
			proxyType = 1;
			remoteGlobalIDString = A59E13F72982619200F1B317;
			remoteInfo = Quizzler;
		};
/* End PBXContainerItemProxy section */

/* Begin PBXFileReference section */
		04B0C39EE5D2A3A834F5F6FB /* Pods-Quizzler-QuizzlerUITests.debug.xcconfig */ = {isa = PBXFileReference; includeInIndex = 1; lastKnownFileType = text.xcconfig; name = "Pods-Quizzler-QuizzlerUITests.debug.xcconfig"; path = "Target Support Files/Pods-Quizzler-QuizzlerUITests/Pods-Quizzler-QuizzlerUITests.debug.xcconfig"; sourceTree = "<group>"; };
		168737F14666432A541E60A8 /* Pods_QuizzlerTests.framework */ = {isa = PBXFileReference; explicitFileType = wrapper.framework; includeInIndex = 0; path = Pods_QuizzlerTests.framework; sourceTree = BUILT_PRODUCTS_DIR; };
		4F3A7B3CBE6BDC21A816F343 /* Pods-Quizzler-QuizzlerUITests.release.xcconfig */ = {isa = PBXFileReference; includeInIndex = 1; lastKnownFileType = text.xcconfig; name = "Pods-Quizzler-QuizzlerUITests.release.xcconfig"; path = "Target Support Files/Pods-Quizzler-QuizzlerUITests/Pods-Quizzler-QuizzlerUITests.release.xcconfig"; sourceTree = "<group>"; };
		558E5F63564E24D59B16C157 /* Pods-Quizzler.release.xcconfig */ = {isa = PBXFileReference; includeInIndex = 1; lastKnownFileType = text.xcconfig; name = "Pods-Quizzler.release.xcconfig"; path = "Target Support Files/Pods-Quizzler/Pods-Quizzler.release.xcconfig"; sourceTree = "<group>"; };
		7DF289C43C5FB9A1576FE0CC /* Pods_Quizzler.framework */ = {isa = PBXFileReference; explicitFileType = wrapper.framework; includeInIndex = 0; path = Pods_Quizzler.framework; sourceTree = BUILT_PRODUCTS_DIR; };
		946DE29B4C80678EC5BAAD54 /* Pods-Quizzler.debug.xcconfig */ = {isa = PBXFileReference; includeInIndex = 1; lastKnownFileType = text.xcconfig; name = "Pods-Quizzler.debug.xcconfig"; path = "Target Support Files/Pods-Quizzler/Pods-Quizzler.debug.xcconfig"; sourceTree = "<group>"; };
		95836B632E9A3B8D48E52D41 /* Pods-QuizzlerTests.release.xcconfig */ = {isa = PBXFileReference; includeInIndex = 1; lastKnownFileType = text.xcconfig; name = "Pods-QuizzlerTests.release.xcconfig"; path = "Target Support Files/Pods-QuizzlerTests/Pods-QuizzlerTests.release.xcconfig"; sourceTree = "<group>"; };
		A59E13F82982619200F1B317 /* Quizzler.app */ = {isa = PBXFileReference; explicitFileType = wrapper.application; includeInIndex = 0; path = Quizzler.app; sourceTree = BUILT_PRODUCTS_DIR; };
		A59E13FB2982619200F1B317 /* AppDelegate.swift */ = {isa = PBXFileReference; lastKnownFileType = sourcecode.swift; path = AppDelegate.swift; sourceTree = "<group>"; };
		A59E13FD2982619200F1B317 /* SceneDelegate.swift */ = {isa = PBXFileReference; lastKnownFileType = sourcecode.swift; path = SceneDelegate.swift; sourceTree = "<group>"; };
		A59E13FF2982619200F1B317 /* ViewController.swift */ = {isa = PBXFileReference; lastKnownFileType = sourcecode.swift; path = ViewController.swift; sourceTree = "<group>"; };
		A59E14022982619200F1B317 /* Base */ = {isa = PBXFileReference; lastKnownFileType = file.storyboard; name = Base; path = Base.lproj/Main.storyboard; sourceTree = "<group>"; };
		A59E14042982619300F1B317 /* Assets.xcassets */ = {isa = PBXFileReference; lastKnownFileType = folder.assetcatalog; path = Assets.xcassets; sourceTree = "<group>"; };
		A59E14072982619300F1B317 /* Base */ = {isa = PBXFileReference; lastKnownFileType = file.storyboard; name = Base; path = Base.lproj/LaunchScreen.storyboard; sourceTree = "<group>"; };
		A59E14092982619300F1B317 /* Info.plist */ = {isa = PBXFileReference; lastKnownFileType = text.plist.xml; path = Info.plist; sourceTree = "<group>"; };
		A59E140E2982619300F1B317 /* QuizzlerTests.xctest */ = {isa = PBXFileReference; explicitFileType = wrapper.cfbundle; includeInIndex = 0; path = QuizzlerTests.xctest; sourceTree = BUILT_PRODUCTS_DIR; };
		A59E14122982619300F1B317 /* QuizzlerTests.swift */ = {isa = PBXFileReference; lastKnownFileType = sourcecode.swift; path = QuizzlerTests.swift; sourceTree = "<group>"; };
		A59E14182982619300F1B317 /* QuizzlerUITests.xctest */ = {isa = PBXFileReference; explicitFileType = wrapper.cfbundle; includeInIndex = 0; path = QuizzlerUITests.xctest; sourceTree = BUILT_PRODUCTS_DIR; };
		A59E141C2982619300F1B317 /* QuizzlerUITests.swift */ = {isa = PBXFileReference; lastKnownFileType = sourcecode.swift; path = QuizzlerUITests.swift; sourceTree = "<group>"; };
		A59E141E2982619300F1B317 /* QuizzlerUITestsLaunchTests.swift */ = {isa = PBXFileReference; lastKnownFileType = sourcecode.swift; path = QuizzlerUITestsLaunchTests.swift; sourceTree = "<group>"; };
		A59E142C2982693000F1B317 /* LabelProperty.swift */ = {isa = PBXFileReference; lastKnownFileType = sourcecode.swift; path = LabelProperty.swift; sourceTree = "<group>"; };
		A59E142E2982778B00F1B317 /* ButtonProperty.swift */ = {isa = PBXFileReference; lastKnownFileType = sourcecode.swift; path = ButtonProperty.swift; sourceTree = "<group>"; };
		A59E143029827D6100F1B317 /* ImageViewProperty.swift */ = {isa = PBXFileReference; lastKnownFileType = sourcecode.swift; path = ImageViewProperty.swift; sourceTree = "<group>"; };
		A59E14322987A6F800F1B317 /* Question.swift */ = {isa = PBXFileReference; lastKnownFileType = sourcecode.swift; path = Question.swift; sourceTree = "<group>"; };
		EA27FE9267C81F4C9860C877 /* Pods-QuizzlerTests.debug.xcconfig */ = {isa = PBXFileReference; includeInIndex = 1; lastKnownFileType = text.xcconfig; name = "Pods-QuizzlerTests.debug.xcconfig"; path = "Target Support Files/Pods-QuizzlerTests/Pods-QuizzlerTests.debug.xcconfig"; sourceTree = "<group>"; };
		EAE6C94EBFBBDDA3A283F818 /* Pods_Quizzler_QuizzlerUITests.framework */ = {isa = PBXFileReference; explicitFileType = wrapper.framework; includeInIndex = 0; path = Pods_Quizzler_QuizzlerUITests.framework; sourceTree = BUILT_PRODUCTS_DIR; };
/* End PBXFileReference section */

/* Begin PBXFrameworksBuildPhase section */
		A59E13F52982619200F1B317 /* Frameworks */ = {
			isa = PBXFrameworksBuildPhase;
			buildActionMask = 2147483647;
			files = (
				24A0761428A253CA5EBA0FE5 /* Pods_Quizzler.framework in Frameworks */,
			);
			runOnlyForDeploymentPostprocessing = 0;
		};
		A59E140B2982619300F1B317 /* Frameworks */ = {
			isa = PBXFrameworksBuildPhase;
			buildActionMask = 2147483647;
			files = (
				B2CBF752A562BAB87A2A7109 /* Pods_QuizzlerTests.framework in Frameworks */,
			);
			runOnlyForDeploymentPostprocessing = 0;
		};
		A59E14152982619300F1B317 /* Frameworks */ = {
			isa = PBXFrameworksBuildPhase;
			buildActionMask = 2147483647;
			files = (
				63D34146507D6C346F6040C2 /* Pods_Quizzler_QuizzlerUITests.framework in Frameworks */,
			);
			runOnlyForDeploymentPostprocessing = 0;
		};
/* End PBXFrameworksBuildPhase section */

/* Begin PBXGroup section */
		9BD8E180AA16ABEDCCDAC1A9 /* Pods */ = {
			isa = PBXGroup;
			children = (
				946DE29B4C80678EC5BAAD54 /* Pods-Quizzler.debug.xcconfig */,
				558E5F63564E24D59B16C157 /* Pods-Quizzler.release.xcconfig */,
				04B0C39EE5D2A3A834F5F6FB /* Pods-Quizzler-QuizzlerUITests.debug.xcconfig */,
				4F3A7B3CBE6BDC21A816F343 /* Pods-Quizzler-QuizzlerUITests.release.xcconfig */,
				EA27FE9267C81F4C9860C877 /* Pods-QuizzlerTests.debug.xcconfig */,
				95836B632E9A3B8D48E52D41 /* Pods-QuizzlerTests.release.xcconfig */,
			);
			path = Pods;
			sourceTree = "<group>";
		};
		A59E13EF2982619200F1B317 = {
			isa = PBXGroup;
			children = (
				A59E13FA2982619200F1B317 /* Quizzler */,
				A59E14112982619300F1B317 /* QuizzlerTests */,
				A59E141B2982619300F1B317 /* QuizzlerUITests */,
				A59E13F92982619200F1B317 /* Products */,
				9BD8E180AA16ABEDCCDAC1A9 /* Pods */,
				E96C31ACF3EFA5092246FA9C /* Frameworks */,
			);
			sourceTree = "<group>";
		};
		A59E13F92982619200F1B317 /* Products */ = {
			isa = PBXGroup;
			children = (
				A59E13F82982619200F1B317 /* Quizzler.app */,
				A59E140E2982619300F1B317 /* QuizzlerTests.xctest */,
				A59E14182982619300F1B317 /* QuizzlerUITests.xctest */,
			);
			name = Products;
			sourceTree = "<group>";
		};
		A59E13FA2982619200F1B317 /* Quizzler */ = {
			isa = PBXGroup;
			children = (
				A59E142B2982690B00F1B317 /* Services */,
				A59E13FB2982619200F1B317 /* AppDelegate.swift */,
				A59E13FD2982619200F1B317 /* SceneDelegate.swift */,
				A59E13FF2982619200F1B317 /* ViewController.swift */,
				A59E14012982619200F1B317 /* Main.storyboard */,
				A59E14042982619300F1B317 /* Assets.xcassets */,
				A59E14062982619300F1B317 /* LaunchScreen.storyboard */,
				A59E14092982619300F1B317 /* Info.plist */,
			);
			path = Quizzler;
			sourceTree = "<group>";
		};
		A59E14112982619300F1B317 /* QuizzlerTests */ = {
			isa = PBXGroup;
			children = (
				A59E14122982619300F1B317 /* QuizzlerTests.swift */,
			);
			path = QuizzlerTests;
			sourceTree = "<group>";
		};
		A59E141B2982619300F1B317 /* QuizzlerUITests */ = {
			isa = PBXGroup;
			children = (
				A59E141C2982619300F1B317 /* QuizzlerUITests.swift */,
				A59E141E2982619300F1B317 /* QuizzlerUITestsLaunchTests.swift */,
			);
			path = QuizzlerUITests;
			sourceTree = "<group>";
		};
		A59E142B2982690B00F1B317 /* Services */ = {
			isa = PBXGroup;
			children = (
				A59E142C2982693000F1B317 /* LabelProperty.swift */,
				A59E142E2982778B00F1B317 /* ButtonProperty.swift */,
				A59E143029827D6100F1B317 /* ImageViewProperty.swift */,
				A59E14322987A6F800F1B317 /* Question.swift */,
			);
			path = Services;
			sourceTree = "<group>";
		};
		E96C31ACF3EFA5092246FA9C /* Frameworks */ = {
			isa = PBXGroup;
			children = (
				7DF289C43C5FB9A1576FE0CC /* Pods_Quizzler.framework */,
				EAE6C94EBFBBDDA3A283F818 /* Pods_Quizzler_QuizzlerUITests.framework */,
				168737F14666432A541E60A8 /* Pods_QuizzlerTests.framework */,
			);
			name = Frameworks;
			sourceTree = "<group>";
		};
/* End PBXGroup section */

/* Begin PBXNativeTarget section */
		A59E13F72982619200F1B317 /* Quizzler */ = {
			isa = PBXNativeTarget;
			buildConfigurationList = A59E14222982619300F1B317 /* Build configuration list for PBXNativeTarget "Quizzler" */;
			buildPhases = (
				ACB5E799F34624E69AE8D3CD /* [CP] Check Pods Manifest.lock */,
				A59E13F42982619200F1B317 /* Sources */,
				A59E13F52982619200F1B317 /* Frameworks */,
				A59E13F62982619200F1B317 /* Resources */,
				D159EA33270D2B15883ACDB7 /* [CP] Embed Pods Frameworks */,
			);
			buildRules = (
			);
			dependencies = (
			);
			name = Quizzler;
			productName = Quizzler;
			productReference = A59E13F82982619200F1B317 /* Quizzler.app */;
			productType = "com.apple.product-type.application";
		};
		A59E140D2982619300F1B317 /* QuizzlerTests */ = {
			isa = PBXNativeTarget;
			buildConfigurationList = A59E14252982619300F1B317 /* Build configuration list for PBXNativeTarget "QuizzlerTests" */;
			buildPhases = (
				4683C153AE4E6C2DEBE464E1 /* [CP] Check Pods Manifest.lock */,
				A59E140A2982619300F1B317 /* Sources */,
				A59E140B2982619300F1B317 /* Frameworks */,
				A59E140C2982619300F1B317 /* Resources */,
				20FE4BF4F10F6608FA517BDE /* [CP] Embed Pods Frameworks */,
			);
			buildRules = (
			);
			dependencies = (
				A59E14102982619300F1B317 /* PBXTargetDependency */,
			);
			name = QuizzlerTests;
			productName = QuizzlerTests;
			productReference = A59E140E2982619300F1B317 /* QuizzlerTests.xctest */;
			productType = "com.apple.product-type.bundle.unit-test";
		};
		A59E14172982619300F1B317 /* QuizzlerUITests */ = {
			isa = PBXNativeTarget;
			buildConfigurationList = A59E14282982619300F1B317 /* Build configuration list for PBXNativeTarget "QuizzlerUITests" */;
			buildPhases = (
				332528667BFA9D0E25BF0E17 /* [CP] Check Pods Manifest.lock */,
				A59E14142982619300F1B317 /* Sources */,
				A59E14152982619300F1B317 /* Frameworks */,
				A59E14162982619300F1B317 /* Resources */,
				C06D6FD46F9BE82CB1C08973 /* [CP] Embed Pods Frameworks */,
			);
			buildRules = (
			);
			dependencies = (
				A59E141A2982619300F1B317 /* PBXTargetDependency */,
			);
			name = QuizzlerUITests;
			productName = QuizzlerUITests;
			productReference = A59E14182982619300F1B317 /* QuizzlerUITests.xctest */;
			productType = "com.apple.product-type.bundle.ui-testing";
		};
/* End PBXNativeTarget section */

/* Begin PBXProject section */
		A59E13F02982619200F1B317 /* Project object */ = {
			isa = PBXProject;
			attributes = {
				BuildIndependentTargetsInParallel = 1;
				LastSwiftUpdateCheck = 1420;
				LastUpgradeCheck = 1420;
				TargetAttributes = {
					A59E13F72982619200F1B317 = {
						CreatedOnToolsVersion = 14.2;
					};
					A59E140D2982619300F1B317 = {
						CreatedOnToolsVersion = 14.2;
						TestTargetID = A59E13F72982619200F1B317;
					};
					A59E14172982619300F1B317 = {
						CreatedOnToolsVersion = 14.2;
						TestTargetID = A59E13F72982619200F1B317;
					};
				};
			};
			buildConfigurationList = A59E13F32982619200F1B317 /* Build configuration list for PBXProject "Quizzler" */;
			compatibilityVersion = "Xcode 14.0";
			developmentRegion = en;
			hasScannedForEncodings = 0;
			knownRegions = (
				en,
				Base,
			);
			mainGroup = A59E13EF2982619200F1B317;
			productRefGroup = A59E13F92982619200F1B317 /* Products */;
			projectDirPath = "";
			projectRoot = "";
			targets = (
				A59E13F72982619200F1B317 /* Quizzler */,
				A59E140D2982619300F1B317 /* QuizzlerTests */,
				A59E14172982619300F1B317 /* QuizzlerUITests */,
			);
		};
/* End PBXProject section */

/* Begin PBXResourcesBuildPhase section */
		A59E13F62982619200F1B317 /* Resources */ = {
			isa = PBXResourcesBuildPhase;
			buildActionMask = 2147483647;
			files = (
				A59E14082982619300F1B317 /* LaunchScreen.storyboard in Resources */,
				A59E14052982619300F1B317 /* Assets.xcassets in Resources */,
				A59E14032982619200F1B317 /* Main.storyboard in Resources */,
			);
			runOnlyForDeploymentPostprocessing = 0;
		};
		A59E140C2982619300F1B317 /* Resources */ = {
			isa = PBXResourcesBuildPhase;
			buildActionMask = 2147483647;
			files = (
			);
			runOnlyForDeploymentPostprocessing = 0;
		};
		A59E14162982619300F1B317 /* Resources */ = {
			isa = PBXResourcesBuildPhase;
			buildActionMask = 2147483647;
			files = (
			);
			runOnlyForDeploymentPostprocessing = 0;
		};
/* End PBXResourcesBuildPhase section */

/* Begin PBXShellScriptBuildPhase section */
		20FE4BF4F10F6608FA517BDE /* [CP] Embed Pods Frameworks */ = {
			isa = PBXShellScriptBuildPhase;
			buildActionMask = 2147483647;
			files = (
			);
			inputFileListPaths = (
				"${PODS_ROOT}/Target Support Files/Pods-QuizzlerTests/Pods-QuizzlerTests-frameworks-${CONFIGURATION}-input-files.xcfilelist",
			);
			name = "[CP] Embed Pods Frameworks";
			outputFileListPaths = (
				"${PODS_ROOT}/Target Support Files/Pods-QuizzlerTests/Pods-QuizzlerTests-frameworks-${CONFIGURATION}-output-files.xcfilelist",
			);
			runOnlyForDeploymentPostprocessing = 0;
			shellPath = /bin/sh;
			shellScript = "\"${PODS_ROOT}/Target Support Files/Pods-QuizzlerTests/Pods-QuizzlerTests-frameworks.sh\"\n";
			showEnvVarsInLog = 0;
		};
		332528667BFA9D0E25BF0E17 /* [CP] Check Pods Manifest.lock */ = {
			isa = PBXShellScriptBuildPhase;
			buildActionMask = 2147483647;
			files = (
			);
			inputFileListPaths = (
			);
			inputPaths = (
				"${PODS_PODFILE_DIR_PATH}/Podfile.lock",
				"${PODS_ROOT}/Manifest.lock",
			);
			name = "[CP] Check Pods Manifest.lock";
			outputFileListPaths = (
			);
			outputPaths = (
				"$(DERIVED_FILE_DIR)/Pods-Quizzler-QuizzlerUITests-checkManifestLockResult.txt",
			);
			runOnlyForDeploymentPostprocessing = 0;
			shellPath = /bin/sh;
			shellScript = "diff \"${PODS_PODFILE_DIR_PATH}/Podfile.lock\" \"${PODS_ROOT}/Manifest.lock\" > /dev/null\nif [ $? != 0 ] ; then\n    # print error to STDERR\n    echo \"error: The sandbox is not in sync with the Podfile.lock. Run 'pod install' or update your CocoaPods installation.\" >&2\n    exit 1\nfi\n# This output is used by Xcode 'outputs' to avoid re-running this script phase.\necho \"SUCCESS\" > \"${SCRIPT_OUTPUT_FILE_0}\"\n";
			showEnvVarsInLog = 0;
		};
		4683C153AE4E6C2DEBE464E1 /* [CP] Check Pods Manifest.lock */ = {
			isa = PBXShellScriptBuildPhase;
			buildActionMask = 2147483647;
			files = (
			);
			inputFileListPaths = (
			);
			inputPaths = (
				"${PODS_PODFILE_DIR_PATH}/Podfile.lock",
				"${PODS_ROOT}/Manifest.lock",
			);
			name = "[CP] Check Pods Manifest.lock";
			outputFileListPaths = (
			);
			outputPaths = (
				"$(DERIVED_FILE_DIR)/Pods-QuizzlerTests-checkManifestLockResult.txt",
			);
			runOnlyForDeploymentPostprocessing = 0;
			shellPath = /bin/sh;
			shellScript = "diff \"${PODS_PODFILE_DIR_PATH}/Podfile.lock\" \"${PODS_ROOT}/Manifest.lock\" > /dev/null\nif [ $? != 0 ] ; then\n    # print error to STDERR\n    echo \"error: The sandbox is not in sync with the Podfile.lock. Run 'pod install' or update your CocoaPods installation.\" >&2\n    exit 1\nfi\n# This output is used by Xcode 'outputs' to avoid re-running this script phase.\necho \"SUCCESS\" > \"${SCRIPT_OUTPUT_FILE_0}\"\n";
			showEnvVarsInLog = 0;
		};
		ACB5E799F34624E69AE8D3CD /* [CP] Check Pods Manifest.lock */ = {
			isa = PBXShellScriptBuildPhase;
			buildActionMask = 2147483647;
			files = (
			);
			inputFileListPaths = (
			);
			inputPaths = (
				"${PODS_PODFILE_DIR_PATH}/Podfile.lock",
				"${PODS_ROOT}/Manifest.lock",
			);
			name = "[CP] Check Pods Manifest.lock";
			outputFileListPaths = (
			);
			outputPaths = (
				"$(DERIVED_FILE_DIR)/Pods-Quizzler-checkManifestLockResult.txt",
			);
			runOnlyForDeploymentPostprocessing = 0;
			shellPath = /bin/sh;
			shellScript = "diff \"${PODS_PODFILE_DIR_PATH}/Podfile.lock\" \"${PODS_ROOT}/Manifest.lock\" > /dev/null\nif [ $? != 0 ] ; then\n    # print error to STDERR\n    echo \"error: The sandbox is not in sync with the Podfile.lock. Run 'pod install' or update your CocoaPods installation.\" >&2\n    exit 1\nfi\n# This output is used by Xcode 'outputs' to avoid re-running this script phase.\necho \"SUCCESS\" > \"${SCRIPT_OUTPUT_FILE_0}\"\n";
			showEnvVarsInLog = 0;
		};
		C06D6FD46F9BE82CB1C08973 /* [CP] Embed Pods Frameworks */ = {
			isa = PBXShellScriptBuildPhase;
			buildActionMask = 2147483647;
			files = (
			);
			inputFileListPaths = (
				"${PODS_ROOT}/Target Support Files/Pods-Quizzler-QuizzlerUITests/Pods-Quizzler-QuizzlerUITests-frameworks-${CONFIGURATION}-input-files.xcfilelist",
			);
			name = "[CP] Embed Pods Frameworks";
			outputFileListPaths = (
				"${PODS_ROOT}/Target Support Files/Pods-Quizzler-QuizzlerUITests/Pods-Quizzler-QuizzlerUITests-frameworks-${CONFIGURATION}-output-files.xcfilelist",
			);
			runOnlyForDeploymentPostprocessing = 0;
			shellPath = /bin/sh;
			shellScript = "\"${PODS_ROOT}/Target Support Files/Pods-Quizzler-QuizzlerUITests/Pods-Quizzler-QuizzlerUITests-frameworks.sh\"\n";
			showEnvVarsInLog = 0;
		};
		D159EA33270D2B15883ACDB7 /* [CP] Embed Pods Frameworks */ = {
			isa = PBXShellScriptBuildPhase;
			buildActionMask = 2147483647;
			files = (
			);
			inputFileListPaths = (
				"${PODS_ROOT}/Target Support Files/Pods-Quizzler/Pods-Quizzler-frameworks-${CONFIGURATION}-input-files.xcfilelist",
			);
			name = "[CP] Embed Pods Frameworks";
			outputFileListPaths = (
				"${PODS_ROOT}/Target Support Files/Pods-Quizzler/Pods-Quizzler-frameworks-${CONFIGURATION}-output-files.xcfilelist",
			);
			runOnlyForDeploymentPostprocessing = 0;
			shellPath = /bin/sh;
			shellScript = "\"${PODS_ROOT}/Target Support Files/Pods-Quizzler/Pods-Quizzler-frameworks.sh\"\n";
			showEnvVarsInLog = 0;
		};
/* End PBXShellScriptBuildPhase section */

/* Begin PBXSourcesBuildPhase section */
		A59E13F42982619200F1B317 /* Sources */ = {
			isa = PBXSourcesBuildPhase;
			buildActionMask = 2147483647;
			files = (
				A59E14002982619200F1B317 /* ViewController.swift in Sources */,
				A59E13FC2982619200F1B317 /* AppDelegate.swift in Sources */,
				A59E142F2982778B00F1B317 /* ButtonProperty.swift in Sources */,
				A59E143129827D6100F1B317 /* ImageViewProperty.swift in Sources */,
				A59E13FE2982619200F1B317 /* SceneDelegate.swift in Sources */,
				A59E14332987A6F800F1B317 /* Question.swift in Sources */,
				A59E142D2982693000F1B317 /* LabelProperty.swift in Sources */,
			);
			runOnlyForDeploymentPostprocessing = 0;
		};
		A59E140A2982619300F1B317 /* Sources */ = {
			isa = PBXSourcesBuildPhase;
			buildActionMask = 2147483647;
			files = (
				A59E14132982619300F1B317 /* QuizzlerTests.swift in Sources */,
			);
			runOnlyForDeploymentPostprocessing = 0;
		};
		A59E14142982619300F1B317 /* Sources */ = {
			isa = PBXSourcesBuildPhase;
			buildActionMask = 2147483647;
			files = (
				A59E141F2982619300F1B317 /* QuizzlerUITestsLaunchTests.swift in Sources */,
				A59E141D2982619300F1B317 /* QuizzlerUITests.swift in Sources */,
			);
			runOnlyForDeploymentPostprocessing = 0;
		};
/* End PBXSourcesBuildPhase section */

/* Begin PBXTargetDependency section */
		A59E14102982619300F1B317 /* PBXTargetDependency */ = {
			isa = PBXTargetDependency;
			target = A59E13F72982619200F1B317 /* Quizzler */;
			targetProxy = A59E140F2982619300F1B317 /* PBXContainerItemProxy */;
		};
		A59E141A2982619300F1B317 /* PBXTargetDependency */ = {
			isa = PBXTargetDependency;
			target = A59E13F72982619200F1B317 /* Quizzler */;
			targetProxy = A59E14192982619300F1B317 /* PBXContainerItemProxy */;
		};
/* End PBXTargetDependency section */

/* Begin PBXVariantGroup section */
		A59E14012982619200F1B317 /* Main.storyboard */ = {
			isa = PBXVariantGroup;
			children = (
				A59E14022982619200F1B317 /* Base */,
			);
			name = Main.storyboard;
			sourceTree = "<group>";
		};
		A59E14062982619300F1B317 /* LaunchScreen.storyboard */ = {
			isa = PBXVariantGroup;
			children = (
				A59E14072982619300F1B317 /* Base */,
			);
			name = LaunchScreen.storyboard;
			sourceTree = "<group>";
		};
/* End PBXVariantGroup section */

/* Begin XCBuildConfiguration section */
		A59E14202982619300F1B317 /* Debug */ = {
			isa = XCBuildConfiguration;
			buildSettings = {
				ALWAYS_SEARCH_USER_PATHS = NO;
				CLANG_ANALYZER_NONNULL = YES;
				CLANG_ANALYZER_NUMBER_OBJECT_CONVERSION = YES_AGGRESSIVE;
				CLANG_CXX_LANGUAGE_STANDARD = "gnu++20";
				CLANG_ENABLE_MODULES = YES;
				CLANG_ENABLE_OBJC_ARC = YES;
				CLANG_ENABLE_OBJC_WEAK = YES;
				CLANG_WARN_BLOCK_CAPTURE_AUTORELEASING = YES;
				CLANG_WARN_BOOL_CONVERSION = YES;
				CLANG_WARN_COMMA = YES;
				CLANG_WARN_CONSTANT_CONVERSION = YES;
				CLANG_WARN_DEPRECATED_OBJC_IMPLEMENTATIONS = YES;
				CLANG_WARN_DIRECT_OBJC_ISA_USAGE = YES_ERROR;
				CLANG_WARN_DOCUMENTATION_COMMENTS = YES;
				CLANG_WARN_EMPTY_BODY = YES;
				CLANG_WARN_ENUM_CONVERSION = YES;
				CLANG_WARN_INFINITE_RECURSION = YES;
				CLANG_WARN_INT_CONVERSION = YES;
				CLANG_WARN_NON_LITERAL_NULL_CONVERSION = YES;
				CLANG_WARN_OBJC_IMPLICIT_RETAIN_SELF = YES;
				CLANG_WARN_OBJC_LITERAL_CONVERSION = YES;
				CLANG_WARN_OBJC_ROOT_CLASS = YES_ERROR;
				CLANG_WARN_QUOTED_INCLUDE_IN_FRAMEWORK_HEADER = YES;
				CLANG_WARN_RANGE_LOOP_ANALYSIS = YES;
				CLANG_WARN_STRICT_PROTOTYPES = YES;
				CLANG_WARN_SUSPICIOUS_MOVE = YES;
				CLANG_WARN_UNGUARDED_AVAILABILITY = YES_AGGRESSIVE;
				CLANG_WARN_UNREACHABLE_CODE = YES;
				CLANG_WARN__DUPLICATE_METHOD_MATCH = YES;
				COPY_PHASE_STRIP = NO;
				DEBUG_INFORMATION_FORMAT = dwarf;
				ENABLE_STRICT_OBJC_MSGSEND = YES;
				ENABLE_TESTABILITY = YES;
				GCC_C_LANGUAGE_STANDARD = gnu11;
				GCC_DYNAMIC_NO_PIC = NO;
				GCC_NO_COMMON_BLOCKS = YES;
				GCC_OPTIMIZATION_LEVEL = 0;
				GCC_PREPROCESSOR_DEFINITIONS = (
					"DEBUG=1",
					"$(inherited)",
				);
				GCC_WARN_64_TO_32_BIT_CONVERSION = YES;
				GCC_WARN_ABOUT_RETURN_TYPE = YES_ERROR;
				GCC_WARN_UNDECLARED_SELECTOR = YES;
				GCC_WARN_UNINITIALIZED_AUTOS = YES_AGGRESSIVE;
				GCC_WARN_UNUSED_FUNCTION = YES;
				GCC_WARN_UNUSED_VARIABLE = YES;
				IPHONEOS_DEPLOYMENT_TARGET = 16.2;
				MTL_ENABLE_DEBUG_INFO = INCLUDE_SOURCE;
				MTL_FAST_MATH = YES;
				ONLY_ACTIVE_ARCH = YES;
				SDKROOT = iphoneos;
				SWIFT_ACTIVE_COMPILATION_CONDITIONS = DEBUG;
				SWIFT_OPTIMIZATION_LEVEL = "-Onone";
			};
			name = Debug;
		};
		A59E14212982619300F1B317 /* Release */ = {
			isa = XCBuildConfiguration;
			buildSettings = {
				ALWAYS_SEARCH_USER_PATHS = NO;
				CLANG_ANALYZER_NONNULL = YES;
				CLANG_ANALYZER_NUMBER_OBJECT_CONVERSION = YES_AGGRESSIVE;
				CLANG_CXX_LANGUAGE_STANDARD = "gnu++20";
				CLANG_ENABLE_MODULES = YES;
				CLANG_ENABLE_OBJC_ARC = YES;
				CLANG_ENABLE_OBJC_WEAK = YES;
				CLANG_WARN_BLOCK_CAPTURE_AUTORELEASING = YES;
				CLANG_WARN_BOOL_CONVERSION = YES;
				CLANG_WARN_COMMA = YES;
				CLANG_WARN_CONSTANT_CONVERSION = YES;
				CLANG_WARN_DEPRECATED_OBJC_IMPLEMENTATIONS = YES;
				CLANG_WARN_DIRECT_OBJC_ISA_USAGE = YES_ERROR;
				CLANG_WARN_DOCUMENTATION_COMMENTS = YES;
				CLANG_WARN_EMPTY_BODY = YES;
				CLANG_WARN_ENUM_CONVERSION = YES;
				CLANG_WARN_INFINITE_RECURSION = YES;
				CLANG_WARN_INT_CONVERSION = YES;
				CLANG_WARN_NON_LITERAL_NULL_CONVERSION = YES;
				CLANG_WARN_OBJC_IMPLICIT_RETAIN_SELF = YES;
				CLANG_WARN_OBJC_LITERAL_CONVERSION = YES;
				CLANG_WARN_OBJC_ROOT_CLASS = YES_ERROR;
				CLANG_WARN_QUOTED_INCLUDE_IN_FRAMEWORK_HEADER = YES;
				CLANG_WARN_RANGE_LOOP_ANALYSIS = YES;
				CLANG_WARN_STRICT_PROTOTYPES = YES;
				CLANG_WARN_SUSPICIOUS_MOVE = YES;
				CLANG_WARN_UNGUARDED_AVAILABILITY = YES_AGGRESSIVE;
				CLANG_WARN_UNREACHABLE_CODE = YES;
				CLANG_WARN__DUPLICATE_METHOD_MATCH = YES;
				COPY_PHASE_STRIP = NO;
				DEBUG_INFORMATION_FORMAT = "dwarf-with-dsym";
				ENABLE_NS_ASSERTIONS = NO;
				ENABLE_STRICT_OBJC_MSGSEND = YES;
				GCC_C_LANGUAGE_STANDARD = gnu11;
				GCC_NO_COMMON_BLOCKS = YES;
				GCC_WARN_64_TO_32_BIT_CONVERSION = YES;
				GCC_WARN_ABOUT_RETURN_TYPE = YES_ERROR;
				GCC_WARN_UNDECLARED_SELECTOR = YES;
				GCC_WARN_UNINITIALIZED_AUTOS = YES_AGGRESSIVE;
				GCC_WARN_UNUSED_FUNCTION = YES;
				GCC_WARN_UNUSED_VARIABLE = YES;
				IPHONEOS_DEPLOYMENT_TARGET = 16.2;
				MTL_ENABLE_DEBUG_INFO = NO;
				MTL_FAST_MATH = YES;
				SDKROOT = iphoneos;
				SWIFT_COMPILATION_MODE = wholemodule;
				SWIFT_OPTIMIZATION_LEVEL = "-O";
				VALIDATE_PRODUCT = YES;
			};
			name = Release;
		};
		A59E14232982619300F1B317 /* Debug */ = {
			isa = XCBuildConfiguration;
			baseConfigurationReference = 946DE29B4C80678EC5BAAD54 /* Pods-Quizzler.debug.xcconfig */;
			buildSettings = {
				ASSETCATALOG_COMPILER_APPICON_NAME = AppIcon;
				ASSETCATALOG_COMPILER_GLOBAL_ACCENT_COLOR_NAME = AccentColor;
				CODE_SIGN_STYLE = Automatic;
				CURRENT_PROJECT_VERSION = 1;
				DEVELOPMENT_TEAM = TWQL7PLAUC;
				GENERATE_INFOPLIST_FILE = YES;
				INFOPLIST_FILE = Quizzler/Info.plist;
				INFOPLIST_KEY_UIApplicationSupportsIndirectInputEvents = YES;
				INFOPLIST_KEY_UILaunchStoryboardName = LaunchScreen;
				INFOPLIST_KEY_UIMainStoryboardFile = Main;
				INFOPLIST_KEY_UISupportedInterfaceOrientations_iPad = "UIInterfaceOrientationPortrait UIInterfaceOrientationPortraitUpsideDown UIInterfaceOrientationLandscapeLeft UIInterfaceOrientationLandscapeRight";
				INFOPLIST_KEY_UISupportedInterfaceOrientations_iPhone = "UIInterfaceOrientationPortrait UIInterfaceOrientationLandscapeLeft UIInterfaceOrientationLandscapeRight";
				IPHONEOS_DEPLOYMENT_TARGET = 13.0;
				LD_RUNPATH_SEARCH_PATHS = (
					"$(inherited)",
					"@executable_path/Frameworks",
				);
				MARKETING_VERSION = 1.0;
				PRODUCT_BUNDLE_IDENTIFIER = "zvontsov-adadigital.ru.Quizzler";
				PRODUCT_NAME = "$(TARGET_NAME)";
				SWIFT_EMIT_LOC_STRINGS = YES;
				SWIFT_VERSION = 5.0;
				TARGETED_DEVICE_FAMILY = "1,2";
			};
			name = Debug;
		};
		A59E14242982619300F1B317 /* Release */ = {
			isa = XCBuildConfiguration;
			baseConfigurationReference = 558E5F63564E24D59B16C157 /* Pods-Quizzler.release.xcconfig */;
			buildSettings = {
				ASSETCATALOG_COMPILER_APPICON_NAME = AppIcon;
				ASSETCATALOG_COMPILER_GLOBAL_ACCENT_COLOR_NAME = AccentColor;
				CODE_SIGN_STYLE = Automatic;
				CURRENT_PROJECT_VERSION = 1;
				DEVELOPMENT_TEAM = TWQL7PLAUC;
				GENERATE_INFOPLIST_FILE = YES;
				INFOPLIST_FILE = Quizzler/Info.plist;
				INFOPLIST_KEY_UIApplicationSupportsIndirectInputEvents = YES;
				INFOPLIST_KEY_UILaunchStoryboardName = LaunchScreen;
				INFOPLIST_KEY_UIMainStoryboardFile = Main;
				INFOPLIST_KEY_UISupportedInterfaceOrientations_iPad = "UIInterfaceOrientationPortrait UIInterfaceOrientationPortraitUpsideDown UIInterfaceOrientationLandscapeLeft UIInterfaceOrientationLandscapeRight";
				INFOPLIST_KEY_UISupportedInterfaceOrientations_iPhone = "UIInterfaceOrientationPortrait UIInterfaceOrientationLandscapeLeft UIInterfaceOrientationLandscapeRight";
				IPHONEOS_DEPLOYMENT_TARGET = 13.0;
				LD_RUNPATH_SEARCH_PATHS = (
					"$(inherited)",
					"@executable_path/Frameworks",
				);
				MARKETING_VERSION = 1.0;
				PRODUCT_BUNDLE_IDENTIFIER = "zvontsov-adadigital.ru.Quizzler";
				PRODUCT_NAME = "$(TARGET_NAME)";
				SWIFT_EMIT_LOC_STRINGS = YES;
				SWIFT_VERSION = 5.0;
				TARGETED_DEVICE_FAMILY = "1,2";
			};
			name = Release;
		};
		A59E14262982619300F1B317 /* Debug */ = {
			isa = XCBuildConfiguration;
			baseConfigurationReference = EA27FE9267C81F4C9860C877 /* Pods-QuizzlerTests.debug.xcconfig */;
			buildSettings = {
				ALWAYS_EMBED_SWIFT_STANDARD_LIBRARIES = YES;
				BUNDLE_LOADER = "$(TEST_HOST)";
				CODE_SIGN_STYLE = Automatic;
				CURRENT_PROJECT_VERSION = 1;
				DEVELOPMENT_TEAM = TWQL7PLAUC;
				GENERATE_INFOPLIST_FILE = YES;
				IPHONEOS_DEPLOYMENT_TARGET = 16.2;
				MARKETING_VERSION = 1.0;
				PRODUCT_BUNDLE_IDENTIFIER = "zvontsov-adadigital.ru.QuizzlerTests";
				PRODUCT_NAME = "$(TARGET_NAME)";
				SWIFT_EMIT_LOC_STRINGS = NO;
				SWIFT_VERSION = 5.0;
				TARGETED_DEVICE_FAMILY = "1,2";
				TEST_HOST = "$(BUILT_PRODUCTS_DIR)/Quizzler.app/$(BUNDLE_EXECUTABLE_FOLDER_PATH)/Quizzler";
			};
			name = Debug;
		};
		A59E14272982619300F1B317 /* Release */ = {
			isa = XCBuildConfiguration;
			baseConfigurationReference = 95836B632E9A3B8D48E52D41 /* Pods-QuizzlerTests.release.xcconfig */;
			buildSettings = {
				ALWAYS_EMBED_SWIFT_STANDARD_LIBRARIES = YES;
				BUNDLE_LOADER = "$(TEST_HOST)";
				CODE_SIGN_STYLE = Automatic;
				CURRENT_PROJECT_VERSION = 1;
				DEVELOPMENT_TEAM = TWQL7PLAUC;
				GENERATE_INFOPLIST_FILE = YES;
				IPHONEOS_DEPLOYMENT_TARGET = 16.2;
				MARKETING_VERSION = 1.0;
				PRODUCT_BUNDLE_IDENTIFIER = "zvontsov-adadigital.ru.QuizzlerTests";
				PRODUCT_NAME = "$(TARGET_NAME)";
				SWIFT_EMIT_LOC_STRINGS = NO;
				SWIFT_VERSION = 5.0;
				TARGETED_DEVICE_FAMILY = "1,2";
				TEST_HOST = "$(BUILT_PRODUCTS_DIR)/Quizzler.app/$(BUNDLE_EXECUTABLE_FOLDER_PATH)/Quizzler";
			};
			name = Release;
		};
		A59E14292982619300F1B317 /* Debug */ = {
			isa = XCBuildConfiguration;
			baseConfigurationReference = 04B0C39EE5D2A3A834F5F6FB /* Pods-Quizzler-QuizzlerUITests.debug.xcconfig */;
			buildSettings = {
				ALWAYS_EMBED_SWIFT_STANDARD_LIBRARIES = YES;
				CODE_SIGN_STYLE = Automatic;
				CURRENT_PROJECT_VERSION = 1;
				DEVELOPMENT_TEAM = TWQL7PLAUC;
				GENERATE_INFOPLIST_FILE = YES;
				MARKETING_VERSION = 1.0;
				PRODUCT_BUNDLE_IDENTIFIER = "zvontsov-adadigital.ru.QuizzlerUITests";
				PRODUCT_NAME = "$(TARGET_NAME)";
				SWIFT_EMIT_LOC_STRINGS = NO;
				SWIFT_VERSION = 5.0;
				TARGETED_DEVICE_FAMILY = "1,2";
				TEST_TARGET_NAME = Quizzler;
			};
			name = Debug;
		};
		A59E142A2982619300F1B317 /* Release */ = {
			isa = XCBuildConfiguration;
			baseConfigurationReference = 4F3A7B3CBE6BDC21A816F343 /* Pods-Quizzler-QuizzlerUITests.release.xcconfig */;
			buildSettings = {
				ALWAYS_EMBED_SWIFT_STANDARD_LIBRARIES = YES;
				CODE_SIGN_STYLE = Automatic;
				CURRENT_PROJECT_VERSION = 1;
				DEVELOPMENT_TEAM = TWQL7PLAUC;
				GENERATE_INFOPLIST_FILE = YES;
				MARKETING_VERSION = 1.0;
				PRODUCT_BUNDLE_IDENTIFIER = "zvontsov-adadigital.ru.QuizzlerUITests";
				PRODUCT_NAME = "$(TARGET_NAME)";
				SWIFT_EMIT_LOC_STRINGS = NO;
				SWIFT_VERSION = 5.0;
				TARGETED_DEVICE_FAMILY = "1,2";
				TEST_TARGET_NAME = Quizzler;
			};
			name = Release;
		};
/* End XCBuildConfiguration section */

/* Begin XCConfigurationList section */
		A59E13F32982619200F1B317 /* Build configuration list for PBXProject "Quizzler" */ = {
			isa = XCConfigurationList;
			buildConfigurations = (
				A59E14202982619300F1B317 /* Debug */,
				A59E14212982619300F1B317 /* Release */,
			);
			defaultConfigurationIsVisible = 0;
			defaultConfigurationName = Release;
		};
		A59E14222982619300F1B317 /* Build configuration list for PBXNativeTarget "Quizzler" */ = {
			isa = XCConfigurationList;
			buildConfigurations = (
				A59E14232982619300F1B317 /* Debug */,
				A59E14242982619300F1B317 /* Release */,
			);
			defaultConfigurationIsVisible = 0;
			defaultConfigurationName = Release;
		};
		A59E14252982619300F1B317 /* Build configuration list for PBXNativeTarget "QuizzlerTests" */ = {
			isa = XCConfigurationList;
			buildConfigurations = (
				A59E14262982619300F1B317 /* Debug */,
				A59E14272982619300F1B317 /* Release */,
			);
			defaultConfigurationIsVisible = 0;
			defaultConfigurationName = Release;
		};
		A59E14282982619300F1B317 /* Build configuration list for PBXNativeTarget "QuizzlerUITests" */ = {
			isa = XCConfigurationList;
			buildConfigurations = (
				A59E14292982619300F1B317 /* Debug */,
				A59E142A2982619300F1B317 /* Release */,
			);
			defaultConfigurationIsVisible = 0;
			defaultConfigurationName = Release;
		};
/* End XCConfigurationList section */
	};
	rootObject = A59E13F02982619200F1B317 /* Project object */;
}
